// !$*UTF8*$!
{
	archiveVersion = 1;
	classes = {
	};
	objectVersion = 56;
	objects = {

/* Begin PBXBuildFile section */
		230314E52C88851100B299D5 /* FontExtension.swift in Sources */ = {isa = PBXBuildFile; fileRef = 230314E42C88851100B299D5 /* FontExtension.swift */; };
		230314E92C88A48D00B299D5 /* LoginPage.swift in Sources */ = {isa = PBXBuildFile; fileRef = 230314E82C88A48D00B299D5 /* LoginPage.swift */; };
		230314EF2C89920100B299D5 /* AuthViewModel.swift in Sources */ = {isa = PBXBuildFile; fileRef = 230314EE2C89920100B299D5 /* AuthViewModel.swift */; };
		230314F22C89A00B00B299D5 /* KakaoSDKAuth in Frameworks */ = {isa = PBXBuildFile; productRef = 230314F12C89A00B00B299D5 /* KakaoSDKAuth */; };
		230314F42C89A00B00B299D5 /* KakaoSDKCommon in Frameworks */ = {isa = PBXBuildFile; productRef = 230314F32C89A00B00B299D5 /* KakaoSDKCommon */; };
		230314F62C89A00B00B299D5 /* KakaoSDKUser in Frameworks */ = {isa = PBXBuildFile; productRef = 230314F52C89A00B00B299D5 /* KakaoSDKUser */; };
		230315002C8A096D00B299D5 /* KeychainSwift in Frameworks */ = {isa = PBXBuildFile; productRef = 230314FF2C8A096D00B299D5 /* KeychainSwift */; };
		233ED1CA2CA93D49001EF0BC /* AuthService.swift in Sources */ = {isa = PBXBuildFile; fileRef = 233ED1C92CA93D49001EF0BC /* AuthService.swift */; };
		233ED1FD2CABA0E7001EF0BC /* RunningSessionInfo.swift in Sources */ = {isa = PBXBuildFile; fileRef = 233ED1FB2CABA0E7001EF0BC /* RunningSessionInfo.swift */; };
		233ED1FE2CABA0E7001EF0BC /* ParticipantInfo.swift in Sources */ = {isa = PBXBuildFile; fileRef = 233ED1F92CABA0E7001EF0BC /* ParticipantInfo.swift */; };
		233ED1FF2CABA0E7001EF0BC /* MemberInfo.swift in Sources */ = {isa = PBXBuildFile; fileRef = 233ED1F82CABA0E7001EF0BC /* MemberInfo.swift */; };
		233ED2002CABA0E7001EF0BC /* RunningInfo.swift in Sources */ = {isa = PBXBuildFile; fileRef = 233ED1FA2CABA0E7001EF0BC /* RunningInfo.swift */; };
		2355F66C2C9E9CE700A65108 /* MotionManager.swift in Sources */ = {isa = PBXBuildFile; fileRef = 2355F66B2C9E9CE700A65108 /* MotionManager.swift */; };
		236343122C90386D00336D67 /* RunningMapPage.swift in Sources */ = {isa = PBXBuildFile; fileRef = 236343112C90386D00336D67 /* RunningMapPage.swift */; };
		236343142C917B3E00336D67 /* MapViewModel.swift in Sources */ = {isa = PBXBuildFile; fileRef = 236343132C917B3E00336D67 /* MapViewModel.swift */; };
		236343162C9180D000336D67 /* RunningProgressPage.swift in Sources */ = {isa = PBXBuildFile; fileRef = 236343152C9180D000336D67 /* RunningProgressPage.swift */; };
		237B430C2C8EFFF1002163B9 /* NaverMapSDK in Frameworks */ = {isa = PBXBuildFile; productRef = 237B430B2C8EFFF1002163B9 /* NaverMapSDK */; };
		237B430E2C8F0193002163B9 /* MapPage.swift in Sources */ = {isa = PBXBuildFile; fileRef = 237B430D2C8F0193002163B9 /* MapPage.swift */; };
		238E78F22C83147200D04F58 /* RunUsApp.swift in Sources */ = {isa = PBXBuildFile; fileRef = 238E78F12C83147200D04F58 /* RunUsApp.swift */; };
		238E78F62C83147300D04F58 /* Assets.xcassets in Resources */ = {isa = PBXBuildFile; fileRef = 238E78F52C83147300D04F58 /* Assets.xcassets */; };
		238E78F92C83147300D04F58 /* Preview Assets.xcassets in Resources */ = {isa = PBXBuildFile; fileRef = 238E78F82C83147300D04F58 /* Preview Assets.xcassets */; };
		2398F4942CB29B11001D922B /* FinishRunningPage.swift in Sources */ = {isa = PBXBuildFile; fileRef = 2398F4932CB29B11001D922B /* FinishRunningPage.swift */; };
		2398F4962CB2B968001D922B /* ShareRunningRecordPage.swift in Sources */ = {isa = PBXBuildFile; fileRef = 2398F4952CB2B968001D922B /* ShareRunningRecordPage.swift */; };
		2398F4A72CB82933001D922B /* Paperlogy-Bold.ttf in Resources */ = {isa = PBXBuildFile; fileRef = 2398F4A52CB82933001D922B /* Paperlogy-Bold.ttf */; };
		2398F4A82CB82933001D922B /* Paperlogy-Medium.ttf in Resources */ = {isa = PBXBuildFile; fileRef = 2398F4A62CB82933001D922B /* Paperlogy-Medium.ttf */; };
		2398F4AA2CB82F28001D922B /* Paperlogy-SemiBold.ttf in Resources */ = {isa = PBXBuildFile; fileRef = 2398F4A92CB82F28001D922B /* Paperlogy-SemiBold.ttf */; };
		2398F4AF2CB8303E001D922B /* Pretendard-Regular.ttf in Resources */ = {isa = PBXBuildFile; fileRef = 2398F4AD2CB8303E001D922B /* Pretendard-Regular.ttf */; };
		2398F4B02CB8303E001D922B /* Pretendard-SemiBold.ttf in Resources */ = {isa = PBXBuildFile; fileRef = 2398F4AE2CB8303E001D922B /* Pretendard-SemiBold.ttf */; };
		2398F4B12CB8303E001D922B /* Pretendard-Medium.ttf in Resources */ = {isa = PBXBuildFile; fileRef = 2398F4AC2CB8303E001D922B /* Pretendard-Medium.ttf */; };
		2398F4B22CB8303E001D922B /* Pretendard-Bold.ttf in Resources */ = {isa = PBXBuildFile; fileRef = 2398F4AB2CB8303E001D922B /* Pretendard-Bold.ttf */; };
		23A8F7952C9AA2EB00A20EC5 /* RunAlonePage.swift in Sources */ = {isa = PBXBuildFile; fileRef = 23A8F7942C9AA2EB00A20EC5 /* RunAlonePage.swift */; };
		887940EE2CAAFEC80018C035 /* RunningSessionService.swift in Sources */ = {isa = PBXBuildFile; fileRef = 887940ED2CAAFEC80018C035 /* RunningSessionService.swift */; };
		887940F42CAB2AD30018C035 /* JoinPage.swift in Sources */ = {isa = PBXBuildFile; fileRef = 887940F32CAB2AD30018C035 /* JoinPage.swift */; };
		887940F62CAB2D680018C035 /* JoinService.swift in Sources */ = {isa = PBXBuildFile; fileRef = 887940F52CAB2D680018C035 /* JoinService.swift */; };
		887940FE2CAB35DB0018C035 /* ParticipationService.swift in Sources */ = {isa = PBXBuildFile; fileRef = 887940FD2CAB35DB0018C035 /* ParticipationService.swift */; };
		888648F22C981ECC00B040BA /* StartGroupRunPage.swift in Sources */ = {isa = PBXBuildFile; fileRef = 888648F12C981ECC00B040BA /* StartGroupRunPage.swift */; };
		888648F52C981F7800B040BA /* CreateGroupRunPage.swift in Sources */ = {isa = PBXBuildFile; fileRef = 888648F42C981F7800B040BA /* CreateGroupRunPage.swift */; };
		888648F92C9824A500B040BA /* NoticeBar.swift in Sources */ = {isa = PBXBuildFile; fileRef = 888648F82C9824A500B040BA /* NoticeBar.swift */; };
		888648FB2C982FD500B040BA /* ParticipantProfile.swift in Sources */ = {isa = PBXBuildFile; fileRef = 888648FA2C982FD500B040BA /* ParticipantProfile.swift */; };
		88D3BF0B2C9F68E5009E4365 /* GroupRunPage.swift in Sources */ = {isa = PBXBuildFile; fileRef = 88D3BF0A2C9F68D5009E4365 /* GroupRunPage.swift */; };
		88D3BF0D2C9F6B35009E4365 /* JoinGroupRunPage.swift in Sources */ = {isa = PBXBuildFile; fileRef = 88D3BF0C2C9F6B35009E4365 /* JoinGroupRunPage.swift */; };
		88D3BF0F2C9F6C42009E4365 /* ParticipantList.swift in Sources */ = {isa = PBXBuildFile; fileRef = 88D3BF0E2C9F6C42009E4365 /* ParticipantList.swift */; };
		88D3BF112C9F7540009E4365 /* RunningParticipant.swift in Sources */ = {isa = PBXBuildFile; fileRef = 88D3BF102C9F7540009E4365 /* RunningParticipant.swift */; };
		88D3BF1A2C9F7C3D009E4365 /* GroupRunMapPage.swift in Sources */ = {isa = PBXBuildFile; fileRef = 88D3BF192C9F7C3D009E4365 /* GroupRunMapPage.swift */; };
		88D3BF212CA95FB4009E4365 /* WebSocketService.swift in Sources */ = {isa = PBXBuildFile; fileRef = 88D3BF202CA95FB4009E4365 /* WebSocketService.swift */; };
		88D3BF252CA9702E009E4365 /* SwiftStomp in Frameworks */ = {isa = PBXBuildFile; productRef = 88D3BF242CA9702E009E4365 /* SwiftStomp */; };
		88E556052C8F208F003789B7 /* HomeTab.swift in Sources */ = {isa = PBXBuildFile; fileRef = 88E556042C8F208F003789B7 /* HomeTab.swift */; };
		88E556072C8F20C8003789B7 /* CrewTab.swift in Sources */ = {isa = PBXBuildFile; fileRef = 88E556062C8F20C8003789B7 /* CrewTab.swift */; };
		88E556092C8F20E8003789B7 /* RunningPage.swift in Sources */ = {isa = PBXBuildFile; fileRef = 88E556082C8F20E8003789B7 /* RunningPage.swift */; };
		88E5560D2C8F213E003789B7 /* MyTab.swift in Sources */ = {isa = PBXBuildFile; fileRef = 88E5560C2C8F213E003789B7 /* MyTab.swift */; };
		88E556112C8F5CCC003789B7 /* TabBar.swift in Sources */ = {isa = PBXBuildFile; fileRef = 88E556102C8F5CCC003789B7 /* TabBar.swift */; };
		88E556132C8F5E49003789B7 /* CharacterTab.swift in Sources */ = {isa = PBXBuildFile; fileRef = 88E556122C8F5E49003789B7 /* CharacterTab.swift */; };
/* End PBXBuildFile section */

/* Begin PBXFileReference section */
		230314E42C88851100B299D5 /* FontExtension.swift */ = {isa = PBXFileReference; fileEncoding = 4; lastKnownFileType = sourcecode.swift; path = FontExtension.swift; sourceTree = "<group>"; };
		230314E82C88A48D00B299D5 /* LoginPage.swift */ = {isa = PBXFileReference; lastKnownFileType = sourcecode.swift; path = LoginPage.swift; sourceTree = "<group>"; };
		230314EE2C89920100B299D5 /* AuthViewModel.swift */ = {isa = PBXFileReference; lastKnownFileType = sourcecode.swift; path = AuthViewModel.swift; sourceTree = "<group>"; };
		230314F72C89A5E200B299D5 /* Info.plist */ = {isa = PBXFileReference; lastKnownFileType = text.plist; path = Info.plist; sourceTree = "<group>"; };
		230314F82C89AD0800B299D5 /* Config.xcconfig */ = {isa = PBXFileReference; lastKnownFileType = text.xcconfig; path = Config.xcconfig; sourceTree = "<group>"; };
		233ED1C92CA93D49001EF0BC /* AuthService.swift */ = {isa = PBXFileReference; lastKnownFileType = sourcecode.swift; path = AuthService.swift; sourceTree = "<group>"; };
		233ED1F82CABA0E7001EF0BC /* MemberInfo.swift */ = {isa = PBXFileReference; lastKnownFileType = sourcecode.swift; path = MemberInfo.swift; sourceTree = "<group>"; };
		233ED1F92CABA0E7001EF0BC /* ParticipantInfo.swift */ = {isa = PBXFileReference; lastKnownFileType = sourcecode.swift; path = ParticipantInfo.swift; sourceTree = "<group>"; };
		233ED1FA2CABA0E7001EF0BC /* RunningInfo.swift */ = {isa = PBXFileReference; lastKnownFileType = sourcecode.swift; path = RunningInfo.swift; sourceTree = "<group>"; };
		233ED1FB2CABA0E7001EF0BC /* RunningSessionInfo.swift */ = {isa = PBXFileReference; lastKnownFileType = sourcecode.swift; path = RunningSessionInfo.swift; sourceTree = "<group>"; };
		2355F66B2C9E9CE700A65108 /* MotionManager.swift */ = {isa = PBXFileReference; lastKnownFileType = sourcecode.swift; path = MotionManager.swift; sourceTree = "<group>"; };
		236343112C90386D00336D67 /* RunningMapPage.swift */ = {isa = PBXFileReference; lastKnownFileType = sourcecode.swift; path = RunningMapPage.swift; sourceTree = "<group>"; };
		236343132C917B3E00336D67 /* MapViewModel.swift */ = {isa = PBXFileReference; lastKnownFileType = sourcecode.swift; path = MapViewModel.swift; sourceTree = "<group>"; };
		236343152C9180D000336D67 /* RunningProgressPage.swift */ = {isa = PBXFileReference; lastKnownFileType = sourcecode.swift; path = RunningProgressPage.swift; sourceTree = "<group>"; };
		237B430D2C8F0193002163B9 /* MapPage.swift */ = {isa = PBXFileReference; lastKnownFileType = sourcecode.swift; path = MapPage.swift; sourceTree = "<group>"; };
		238E78EE2C83147200D04F58 /* RunUs.app */ = {isa = PBXFileReference; explicitFileType = wrapper.application; includeInIndex = 0; path = RunUs.app; sourceTree = BUILT_PRODUCTS_DIR; };
		238E78F12C83147200D04F58 /* RunUsApp.swift */ = {isa = PBXFileReference; lastKnownFileType = sourcecode.swift; path = RunUsApp.swift; sourceTree = "<group>"; };
		238E78F52C83147300D04F58 /* Assets.xcassets */ = {isa = PBXFileReference; lastKnownFileType = folder.assetcatalog; path = Assets.xcassets; sourceTree = "<group>"; };
		238E78F82C83147300D04F58 /* Preview Assets.xcassets */ = {isa = PBXFileReference; lastKnownFileType = folder.assetcatalog; path = "Preview Assets.xcassets"; sourceTree = "<group>"; };
		2398F4932CB29B11001D922B /* FinishRunningPage.swift */ = {isa = PBXFileReference; lastKnownFileType = sourcecode.swift; path = FinishRunningPage.swift; sourceTree = "<group>"; };
		2398F4952CB2B968001D922B /* ShareRunningRecordPage.swift */ = {isa = PBXFileReference; lastKnownFileType = sourcecode.swift; path = ShareRunningRecordPage.swift; sourceTree = "<group>"; };
		2398F4A52CB82933001D922B /* Paperlogy-Bold.ttf */ = {isa = PBXFileReference; lastKnownFileType = file; path = "Paperlogy-Bold.ttf"; sourceTree = "<group>"; };
		2398F4A62CB82933001D922B /* Paperlogy-Medium.ttf */ = {isa = PBXFileReference; lastKnownFileType = file; path = "Paperlogy-Medium.ttf"; sourceTree = "<group>"; };
		2398F4A92CB82F28001D922B /* Paperlogy-SemiBold.ttf */ = {isa = PBXFileReference; lastKnownFileType = file; path = "Paperlogy-SemiBold.ttf"; sourceTree = "<group>"; };
		2398F4AB2CB8303E001D922B /* Pretendard-Bold.ttf */ = {isa = PBXFileReference; lastKnownFileType = file; path = "Pretendard-Bold.ttf"; sourceTree = "<group>"; };
		2398F4AC2CB8303E001D922B /* Pretendard-Medium.ttf */ = {isa = PBXFileReference; lastKnownFileType = file; path = "Pretendard-Medium.ttf"; sourceTree = "<group>"; };
		2398F4AD2CB8303E001D922B /* Pretendard-Regular.ttf */ = {isa = PBXFileReference; lastKnownFileType = file; path = "Pretendard-Regular.ttf"; sourceTree = "<group>"; };
		2398F4AE2CB8303E001D922B /* Pretendard-SemiBold.ttf */ = {isa = PBXFileReference; lastKnownFileType = file; path = "Pretendard-SemiBold.ttf"; sourceTree = "<group>"; };
		23A8F7942C9AA2EB00A20EC5 /* RunAlonePage.swift */ = {isa = PBXFileReference; lastKnownFileType = sourcecode.swift; path = RunAlonePage.swift; sourceTree = "<group>"; };
		887940ED2CAAFEC80018C035 /* RunningSessionService.swift */ = {isa = PBXFileReference; lastKnownFileType = sourcecode.swift; path = RunningSessionService.swift; sourceTree = "<group>"; };
		887940F32CAB2AD30018C035 /* JoinPage.swift */ = {isa = PBXFileReference; lastKnownFileType = sourcecode.swift; path = JoinPage.swift; sourceTree = "<group>"; };
		887940F52CAB2D680018C035 /* JoinService.swift */ = {isa = PBXFileReference; lastKnownFileType = sourcecode.swift; path = JoinService.swift; sourceTree = "<group>"; };
		887940FD2CAB35DB0018C035 /* ParticipationService.swift */ = {isa = PBXFileReference; lastKnownFileType = sourcecode.swift; path = ParticipationService.swift; sourceTree = "<group>"; };
		888648F12C981ECC00B040BA /* StartGroupRunPage.swift */ = {isa = PBXFileReference; lastKnownFileType = sourcecode.swift; path = StartGroupRunPage.swift; sourceTree = "<group>"; };
		888648F42C981F7800B040BA /* CreateGroupRunPage.swift */ = {isa = PBXFileReference; lastKnownFileType = sourcecode.swift; path = CreateGroupRunPage.swift; sourceTree = "<group>"; };
		888648F82C9824A500B040BA /* NoticeBar.swift */ = {isa = PBXFileReference; lastKnownFileType = sourcecode.swift; path = NoticeBar.swift; sourceTree = "<group>"; };
		888648FA2C982FD500B040BA /* ParticipantProfile.swift */ = {isa = PBXFileReference; lastKnownFileType = sourcecode.swift; path = ParticipantProfile.swift; sourceTree = "<group>"; };
		88D3BF0A2C9F68D5009E4365 /* GroupRunPage.swift */ = {isa = PBXFileReference; lastKnownFileType = sourcecode.swift; path = GroupRunPage.swift; sourceTree = "<group>"; };
		88D3BF0C2C9F6B35009E4365 /* JoinGroupRunPage.swift */ = {isa = PBXFileReference; lastKnownFileType = sourcecode.swift; path = JoinGroupRunPage.swift; sourceTree = "<group>"; };
		88D3BF0E2C9F6C42009E4365 /* ParticipantList.swift */ = {isa = PBXFileReference; lastKnownFileType = sourcecode.swift; path = ParticipantList.swift; sourceTree = "<group>"; };
		88D3BF102C9F7540009E4365 /* RunningParticipant.swift */ = {isa = PBXFileReference; lastKnownFileType = sourcecode.swift; path = RunningParticipant.swift; sourceTree = "<group>"; };
		88D3BF192C9F7C3D009E4365 /* GroupRunMapPage.swift */ = {isa = PBXFileReference; lastKnownFileType = sourcecode.swift; path = GroupRunMapPage.swift; sourceTree = "<group>"; };
		88D3BF202CA95FB4009E4365 /* WebSocketService.swift */ = {isa = PBXFileReference; lastKnownFileType = sourcecode.swift; path = WebSocketService.swift; sourceTree = "<group>"; };
		88E556042C8F208F003789B7 /* HomeTab.swift */ = {isa = PBXFileReference; lastKnownFileType = sourcecode.swift; path = HomeTab.swift; sourceTree = "<group>"; };
		88E556062C8F20C8003789B7 /* CrewTab.swift */ = {isa = PBXFileReference; lastKnownFileType = sourcecode.swift; path = CrewTab.swift; sourceTree = "<group>"; };
		88E556082C8F20E8003789B7 /* RunningPage.swift */ = {isa = PBXFileReference; lastKnownFileType = sourcecode.swift; path = RunningPage.swift; sourceTree = "<group>"; };
		88E5560C2C8F213E003789B7 /* MyTab.swift */ = {isa = PBXFileReference; lastKnownFileType = sourcecode.swift; path = MyTab.swift; sourceTree = "<group>"; };
		88E556102C8F5CCC003789B7 /* TabBar.swift */ = {isa = PBXFileReference; lastKnownFileType = sourcecode.swift; path = TabBar.swift; sourceTree = "<group>"; };
		88E556122C8F5E49003789B7 /* CharacterTab.swift */ = {isa = PBXFileReference; lastKnownFileType = sourcecode.swift; path = CharacterTab.swift; sourceTree = "<group>"; };
/* End PBXFileReference section */

/* Begin PBXFrameworksBuildPhase section */
		238E78EB2C83147200D04F58 /* Frameworks */ = {
			isa = PBXFrameworksBuildPhase;
			buildActionMask = 2147483647;
			files = (
				88D3BF252CA9702E009E4365 /* SwiftStomp in Frameworks */,
				230314F42C89A00B00B299D5 /* KakaoSDKCommon in Frameworks */,
				230314F22C89A00B00B299D5 /* KakaoSDKAuth in Frameworks */,
				230315002C8A096D00B299D5 /* KeychainSwift in Frameworks */,
				230314F62C89A00B00B299D5 /* KakaoSDKUser in Frameworks */,
				237B430C2C8EFFF1002163B9 /* NaverMapSDK in Frameworks */,
			);
			runOnlyForDeploymentPostprocessing = 0;
		};
/* End PBXFrameworksBuildPhase section */

/* Begin PBXGroup section */
		230314DE2C8884EC00B299D5 /* Extension */ = {
			isa = PBXGroup;
			children = (
				230314DF2C8884FA00B299D5 /* Font */,
				230314E42C88851100B299D5 /* FontExtension.swift */,
			);
			path = Extension;
			sourceTree = "<group>";
		};
		230314DF2C8884FA00B299D5 /* Font */ = {
			isa = PBXGroup;
			children = (
				2398F4A52CB82933001D922B /* Paperlogy-Bold.ttf */,
				2398F4A62CB82933001D922B /* Paperlogy-Medium.ttf */,
				2398F4A92CB82F28001D922B /* Paperlogy-SemiBold.ttf */,
				2398F4AB2CB8303E001D922B /* Pretendard-Bold.ttf */,
				2398F4AC2CB8303E001D922B /* Pretendard-Medium.ttf */,
				2398F4AD2CB8303E001D922B /* Pretendard-Regular.ttf */,
				2398F4AE2CB8303E001D922B /* Pretendard-SemiBold.ttf */,
			);
			path = Font;
			sourceTree = "<group>";
		};
		230314E72C88A43300B299D5 /* View */ = {
			isa = PBXGroup;
			children = (
				23B708DD2C99523E006E9547 /* Onboarding */,
				23B708DC2C995136006E9547 /* Run */,
				888648F32C981F0700B040BA /* GroupRun */,
				88E556042C8F208F003789B7 /* HomeTab.swift */,
				88E556062C8F20C8003789B7 /* CrewTab.swift */,
				88E5560C2C8F213E003789B7 /* MyTab.swift */,
				88E556102C8F5CCC003789B7 /* TabBar.swift */,
				88E556122C8F5E49003789B7 /* CharacterTab.swift */,
			);
			path = View;
			sourceTree = "<group>";
		};
		230314ED2C8991ED00B299D5 /* ViewModel */ = {
			isa = PBXGroup;
			children = (
				230314EE2C89920100B299D5 /* AuthViewModel.swift */,
				236343132C917B3E00336D67 /* MapViewModel.swift */,
				2355F66B2C9E9CE700A65108 /* MotionManager.swift */,
			);
			path = ViewModel;
			sourceTree = "<group>";
		};
		233ED1C82CA93D38001EF0BC /* Service */ = {
			isa = PBXGroup;
			children = (
				887940ED2CAAFEC80018C035 /* RunningSessionService.swift */,
				88D3BF202CA95FB4009E4365 /* WebSocketService.swift */,
				887940F52CAB2D680018C035 /* JoinService.swift */,
				887940FD2CAB35DB0018C035 /* ParticipationService.swift */,
				233ED1C92CA93D49001EF0BC /* AuthService.swift */,
			);
			path = Service;
			sourceTree = "<group>";
		};
		233ED1FC2CABA0E7001EF0BC /* Model */ = {
			isa = PBXGroup;
			children = (
				233ED1F82CABA0E7001EF0BC /* MemberInfo.swift */,
				233ED1F92CABA0E7001EF0BC /* ParticipantInfo.swift */,
				233ED1FA2CABA0E7001EF0BC /* RunningInfo.swift */,
				233ED1FB2CABA0E7001EF0BC /* RunningSessionInfo.swift */,
			);
			path = Model;
			sourceTree = "<group>";
		};
		238E78E52C83147200D04F58 = {
			isa = PBXGroup;
			children = (
				238E78F02C83147200D04F58 /* RunUs */,
				238E78EF2C83147200D04F58 /* Products */,
			);
			sourceTree = "<group>";
		};
		238E78EF2C83147200D04F58 /* Products */ = {
			isa = PBXGroup;
			children = (
				238E78EE2C83147200D04F58 /* RunUs.app */,
			);
			name = Products;
			sourceTree = "<group>";
		};
		238E78F02C83147200D04F58 /* RunUs */ = {
			isa = PBXGroup;
			children = (
				230314F72C89A5E200B299D5 /* Info.plist */,
				230314F82C89AD0800B299D5 /* Config.xcconfig */,
				23B708DE2C995264006E9547 /* Utils */,
				233ED1FC2CABA0E7001EF0BC /* Model */,
				233ED1C82CA93D38001EF0BC /* Service */,
				230314ED2C8991ED00B299D5 /* ViewModel */,
				230314E72C88A43300B299D5 /* View */,
				238E78F12C83147200D04F58 /* RunUsApp.swift */,
				238E78F52C83147300D04F58 /* Assets.xcassets */,
				230314DE2C8884EC00B299D5 /* Extension */,
				238E78F72C83147300D04F58 /* Preview Content */,
			);
			path = RunUs;
			sourceTree = "<group>";
		};
		238E78F72C83147300D04F58 /* Preview Content */ = {
			isa = PBXGroup;
			children = (
				238E78F82C83147300D04F58 /* Preview Assets.xcassets */,
			);
			path = "Preview Content";
			sourceTree = "<group>";
		};
		23B708DC2C995136006E9547 /* Run */ = {
			isa = PBXGroup;
			children = (
				236343112C90386D00336D67 /* RunningMapPage.swift */,
				236343152C9180D000336D67 /* RunningProgressPage.swift */,
				88E556082C8F20E8003789B7 /* RunningPage.swift */,
				23A8F7942C9AA2EB00A20EC5 /* RunAlonePage.swift */,
				2398F4932CB29B11001D922B /* FinishRunningPage.swift */,
				2398F4952CB2B968001D922B /* ShareRunningRecordPage.swift */,
			);
			path = Run;
			sourceTree = "<group>";
		};
		23B708DD2C99523E006E9547 /* Onboarding */ = {
			isa = PBXGroup;
			children = (
				230314E82C88A48D00B299D5 /* LoginPage.swift */,
				887940F32CAB2AD30018C035 /* JoinPage.swift */,
			);
			path = Onboarding;
			sourceTree = "<group>";
		};
		23B708DE2C995264006E9547 /* Utils */ = {
			isa = PBXGroup;
			children = (
				237B430D2C8F0193002163B9 /* MapPage.swift */,
				888648F82C9824A500B040BA /* NoticeBar.swift */,
			);
			path = Utils;
			sourceTree = "<group>";
		};
		887DAB582CAD8D320028516D /* Participants */ = {
			isa = PBXGroup;
			children = (
				88D3BF102C9F7540009E4365 /* RunningParticipant.swift */,
				888648FA2C982FD500B040BA /* ParticipantProfile.swift */,
				88D3BF0E2C9F6C42009E4365 /* ParticipantList.swift */,
			);
			path = Participants;
			sourceTree = "<group>";
		};
		888648F32C981F0700B040BA /* GroupRun */ = {
			isa = PBXGroup;
			children = (
				88D3BF0A2C9F68D5009E4365 /* GroupRunPage.swift */,
				88D3BF192C9F7C3D009E4365 /* GroupRunMapPage.swift */,
				888648F12C981ECC00B040BA /* StartGroupRunPage.swift */,
				888648F42C981F7800B040BA /* CreateGroupRunPage.swift */,
				88D3BF0C2C9F6B35009E4365 /* JoinGroupRunPage.swift */,
				887DAB582CAD8D320028516D /* Participants */,
			);
			path = GroupRun;
			sourceTree = "<group>";
		};
/* End PBXGroup section */

/* Begin PBXNativeTarget section */
		238E78ED2C83147200D04F58 /* RunUs */ = {
			isa = PBXNativeTarget;
			buildConfigurationList = 238E78FC2C83147300D04F58 /* Build configuration list for PBXNativeTarget "RunUs" */;
			buildPhases = (
				238E78EA2C83147200D04F58 /* Sources */,
				238E78EB2C83147200D04F58 /* Frameworks */,
				238E78EC2C83147200D04F58 /* Resources */,
			);
			buildRules = (
			);
			dependencies = (
			);
			name = RunUs;
			packageProductDependencies = (
				230314F12C89A00B00B299D5 /* KakaoSDKAuth */,
				230314F32C89A00B00B299D5 /* KakaoSDKCommon */,
				230314F52C89A00B00B299D5 /* KakaoSDKUser */,
				230314FF2C8A096D00B299D5 /* KeychainSwift */,
				237B430B2C8EFFF1002163B9 /* NaverMapSDK */,
				88D3BF242CA9702E009E4365 /* SwiftStomp */,
			);
			productName = RunUs;
			productReference = 238E78EE2C83147200D04F58 /* RunUs.app */;
			productType = "com.apple.product-type.application";
		};
/* End PBXNativeTarget section */

/* Begin PBXProject section */
		238E78E62C83147200D04F58 /* Project object */ = {
			isa = PBXProject;
			attributes = {
				BuildIndependentTargetsInParallel = 1;
				LastSwiftUpdateCheck = 1540;
				LastUpgradeCheck = 1540;
				TargetAttributes = {
					238E78ED2C83147200D04F58 = {
						CreatedOnToolsVersion = 15.4;
					};
				};
			};
			buildConfigurationList = 238E78E92C83147200D04F58 /* Build configuration list for PBXProject "RunUs" */;
			compatibilityVersion = "Xcode 14.0";
			developmentRegion = en;
			hasScannedForEncodings = 0;
			knownRegions = (
				en,
				Base,
			);
			mainGroup = 238E78E52C83147200D04F58;
			packageReferences = (
				230314F02C89A00B00B299D5 /* XCRemoteSwiftPackageReference "kakao-ios-sdk" */,
				230314FE2C8A096D00B299D5 /* XCRemoteSwiftPackageReference "keychain-swift" */,
				237B430A2C8EFFF1002163B9 /* XCRemoteSwiftPackageReference "Naver-Map-iOS-SPM" */,
				88D3BF232CA9702E009E4365 /* XCRemoteSwiftPackageReference "SwiftStomp" */,
			);
			productRefGroup = 238E78EF2C83147200D04F58 /* Products */;
			projectDirPath = "";
			projectRoot = "";
			targets = (
				238E78ED2C83147200D04F58 /* RunUs */,
			);
		};
/* End PBXProject section */

/* Begin PBXResourcesBuildPhase section */
		238E78EC2C83147200D04F58 /* Resources */ = {
			isa = PBXResourcesBuildPhase;
			buildActionMask = 2147483647;
			files = (
				2398F4AF2CB8303E001D922B /* Pretendard-Regular.ttf in Resources */,
				2398F4B02CB8303E001D922B /* Pretendard-SemiBold.ttf in Resources */,
				2398F4B12CB8303E001D922B /* Pretendard-Medium.ttf in Resources */,
				2398F4B22CB8303E001D922B /* Pretendard-Bold.ttf in Resources */,
				2398F4A72CB82933001D922B /* Paperlogy-Bold.ttf in Resources */,
				2398F4AA2CB82F28001D922B /* Paperlogy-SemiBold.ttf in Resources */,
				2398F4A82CB82933001D922B /* Paperlogy-Medium.ttf in Resources */,
				238E78F92C83147300D04F58 /* Preview Assets.xcassets in Resources */,
				238E78F62C83147300D04F58 /* Assets.xcassets in Resources */,
			);
			runOnlyForDeploymentPostprocessing = 0;
		};
/* End PBXResourcesBuildPhase section */

/* Begin PBXSourcesBuildPhase section */
		238E78EA2C83147200D04F58 /* Sources */ = {
			isa = PBXSourcesBuildPhase;
			buildActionMask = 2147483647;
			files = (
				88E556052C8F208F003789B7 /* HomeTab.swift in Sources */,
				88D3BF1A2C9F7C3D009E4365 /* GroupRunMapPage.swift in Sources */,
				88E556092C8F20E8003789B7 /* RunningPage.swift in Sources */,
				230314EF2C89920100B299D5 /* AuthViewModel.swift in Sources */,
				88D3BF0F2C9F6C42009E4365 /* ParticipantList.swift in Sources */,
				23A8F7952C9AA2EB00A20EC5 /* RunAlonePage.swift in Sources */,
				230314E92C88A48D00B299D5 /* LoginPage.swift in Sources */,
				233ED1FD2CABA0E7001EF0BC /* RunningSessionInfo.swift in Sources */,
				233ED1FE2CABA0E7001EF0BC /* ParticipantInfo.swift in Sources */,
				233ED1FF2CABA0E7001EF0BC /* MemberInfo.swift in Sources */,
				233ED2002CABA0E7001EF0BC /* RunningInfo.swift in Sources */,
				88E556112C8F5CCC003789B7 /* TabBar.swift in Sources */,
				230314E52C88851100B299D5 /* FontExtension.swift in Sources */,
				888648F52C981F7800B040BA /* CreateGroupRunPage.swift in Sources */,
				887940F62CAB2D680018C035 /* JoinService.swift in Sources */,
				237B430E2C8F0193002163B9 /* MapPage.swift in Sources */,
				236343142C917B3E00336D67 /* MapViewModel.swift in Sources */,
				88D3BF112C9F7540009E4365 /* RunningParticipant.swift in Sources */,
				238E78F22C83147200D04F58 /* RunUsApp.swift in Sources */,
				2355F66C2C9E9CE700A65108 /* MotionManager.swift in Sources */,
				88D3BF212CA95FB4009E4365 /* WebSocketService.swift in Sources */,
				887940EE2CAAFEC80018C035 /* RunningSessionService.swift in Sources */,
				236343122C90386D00336D67 /* RunningMapPage.swift in Sources */,
				887940F42CAB2AD30018C035 /* JoinPage.swift in Sources */,
				236343162C9180D000336D67 /* RunningProgressPage.swift in Sources */,
				2398F4942CB29B11001D922B /* FinishRunningPage.swift in Sources */,
				88D3BF0B2C9F68E5009E4365 /* GroupRunPage.swift in Sources */,
				88E556072C8F20C8003789B7 /* CrewTab.swift in Sources */,
				888648F92C9824A500B040BA /* NoticeBar.swift in Sources */,
				887940FE2CAB35DB0018C035 /* ParticipationService.swift in Sources */,
				88E556132C8F5E49003789B7 /* CharacterTab.swift in Sources */,
				2398F4962CB2B968001D922B /* ShareRunningRecordPage.swift in Sources */,
				88E5560D2C8F213E003789B7 /* MyTab.swift in Sources */,
				888648FB2C982FD500B040BA /* ParticipantProfile.swift in Sources */,
				88D3BF0D2C9F6B35009E4365 /* JoinGroupRunPage.swift in Sources */,
				888648F22C981ECC00B040BA /* StartGroupRunPage.swift in Sources */,
				233ED1CA2CA93D49001EF0BC /* AuthService.swift in Sources */,
			);
			runOnlyForDeploymentPostprocessing = 0;
		};
/* End PBXSourcesBuildPhase section */

/* Begin XCBuildConfiguration section */
		238E78FA2C83147300D04F58 /* Debug */ = {
			isa = XCBuildConfiguration;
			baseConfigurationReference = 230314F82C89AD0800B299D5 /* Config.xcconfig */;
			buildSettings = {
				ALWAYS_SEARCH_USER_PATHS = NO;
				ASSETCATALOG_COMPILER_GENERATE_SWIFT_ASSET_SYMBOL_EXTENSIONS = YES;
				CLANG_ANALYZER_NONNULL = YES;
				CLANG_ANALYZER_NUMBER_OBJECT_CONVERSION = YES_AGGRESSIVE;
				CLANG_CXX_LANGUAGE_STANDARD = "gnu++20";
				CLANG_ENABLE_MODULES = YES;
				CLANG_ENABLE_OBJC_ARC = YES;
				CLANG_ENABLE_OBJC_WEAK = YES;
				CLANG_WARN_BLOCK_CAPTURE_AUTORELEASING = YES;
				CLANG_WARN_BOOL_CONVERSION = YES;
				CLANG_WARN_COMMA = YES;
				CLANG_WARN_CONSTANT_CONVERSION = YES;
				CLANG_WARN_DEPRECATED_OBJC_IMPLEMENTATIONS = YES;
				CLANG_WARN_DIRECT_OBJC_ISA_USAGE = YES_ERROR;
				CLANG_WARN_DOCUMENTATION_COMMENTS = YES;
				CLANG_WARN_EMPTY_BODY = YES;
				CLANG_WARN_ENUM_CONVERSION = YES;
				CLANG_WARN_INFINITE_RECURSION = YES;
				CLANG_WARN_INT_CONVERSION = YES;
				CLANG_WARN_NON_LITERAL_NULL_CONVERSION = YES;
				CLANG_WARN_OBJC_IMPLICIT_RETAIN_SELF = YES;
				CLANG_WARN_OBJC_LITERAL_CONVERSION = YES;
				CLANG_WARN_OBJC_ROOT_CLASS = YES_ERROR;
				CLANG_WARN_QUOTED_INCLUDE_IN_FRAMEWORK_HEADER = YES;
				CLANG_WARN_RANGE_LOOP_ANALYSIS = YES;
				CLANG_WARN_STRICT_PROTOTYPES = YES;
				CLANG_WARN_SUSPICIOUS_MOVE = YES;
				CLANG_WARN_UNGUARDED_AVAILABILITY = YES_AGGRESSIVE;
				CLANG_WARN_UNREACHABLE_CODE = YES;
				CLANG_WARN__DUPLICATE_METHOD_MATCH = YES;
				COPY_PHASE_STRIP = NO;
				DEBUG_INFORMATION_FORMAT = dwarf;
				ENABLE_STRICT_OBJC_MSGSEND = YES;
				ENABLE_TESTABILITY = YES;
				ENABLE_USER_SCRIPT_SANDBOXING = YES;
				GCC_C_LANGUAGE_STANDARD = gnu17;
				GCC_DYNAMIC_NO_PIC = NO;
				GCC_NO_COMMON_BLOCKS = YES;
				GCC_OPTIMIZATION_LEVEL = 0;
				GCC_PREPROCESSOR_DEFINITIONS = (
					"DEBUG=1",
					"$(inherited)",
				);
				GCC_WARN_64_TO_32_BIT_CONVERSION = YES;
				GCC_WARN_ABOUT_RETURN_TYPE = YES_ERROR;
				GCC_WARN_UNDECLARED_SELECTOR = YES;
				GCC_WARN_UNINITIALIZED_AUTOS = YES_AGGRESSIVE;
				GCC_WARN_UNUSED_FUNCTION = YES;
				GCC_WARN_UNUSED_VARIABLE = YES;
				IPHONEOS_DEPLOYMENT_TARGET = 17.0;
				LOCALIZATION_PREFERS_STRING_CATALOGS = YES;
				MTL_ENABLE_DEBUG_INFO = INCLUDE_SOURCE;
				MTL_FAST_MATH = YES;
				ONLY_ACTIVE_ARCH = YES;
				SDKROOT = iphoneos;
				SWIFT_ACTIVE_COMPILATION_CONDITIONS = "DEBUG $(inherited)";
				SWIFT_OPTIMIZATION_LEVEL = "-Onone";
			};
			name = Debug;
		};
		238E78FB2C83147300D04F58 /* Release */ = {
			isa = XCBuildConfiguration;
			buildSettings = {
				ALWAYS_SEARCH_USER_PATHS = NO;
				ASSETCATALOG_COMPILER_GENERATE_SWIFT_ASSET_SYMBOL_EXTENSIONS = YES;
				CLANG_ANALYZER_NONNULL = YES;
				CLANG_ANALYZER_NUMBER_OBJECT_CONVERSION = YES_AGGRESSIVE;
				CLANG_CXX_LANGUAGE_STANDARD = "gnu++20";
				CLANG_ENABLE_MODULES = YES;
				CLANG_ENABLE_OBJC_ARC = YES;
				CLANG_ENABLE_OBJC_WEAK = YES;
				CLANG_WARN_BLOCK_CAPTURE_AUTORELEASING = YES;
				CLANG_WARN_BOOL_CONVERSION = YES;
				CLANG_WARN_COMMA = YES;
				CLANG_WARN_CONSTANT_CONVERSION = YES;
				CLANG_WARN_DEPRECATED_OBJC_IMPLEMENTATIONS = YES;
				CLANG_WARN_DIRECT_OBJC_ISA_USAGE = YES_ERROR;
				CLANG_WARN_DOCUMENTATION_COMMENTS = YES;
				CLANG_WARN_EMPTY_BODY = YES;
				CLANG_WARN_ENUM_CONVERSION = YES;
				CLANG_WARN_INFINITE_RECURSION = YES;
				CLANG_WARN_INT_CONVERSION = YES;
				CLANG_WARN_NON_LITERAL_NULL_CONVERSION = YES;
				CLANG_WARN_OBJC_IMPLICIT_RETAIN_SELF = YES;
				CLANG_WARN_OBJC_LITERAL_CONVERSION = YES;
				CLANG_WARN_OBJC_ROOT_CLASS = YES_ERROR;
				CLANG_WARN_QUOTED_INCLUDE_IN_FRAMEWORK_HEADER = YES;
				CLANG_WARN_RANGE_LOOP_ANALYSIS = YES;
				CLANG_WARN_STRICT_PROTOTYPES = YES;
				CLANG_WARN_SUSPICIOUS_MOVE = YES;
				CLANG_WARN_UNGUARDED_AVAILABILITY = YES_AGGRESSIVE;
				CLANG_WARN_UNREACHABLE_CODE = YES;
				CLANG_WARN__DUPLICATE_METHOD_MATCH = YES;
				COPY_PHASE_STRIP = NO;
				DEBUG_INFORMATION_FORMAT = "dwarf-with-dsym";
				ENABLE_NS_ASSERTIONS = NO;
				ENABLE_STRICT_OBJC_MSGSEND = YES;
				ENABLE_USER_SCRIPT_SANDBOXING = YES;
				GCC_C_LANGUAGE_STANDARD = gnu17;
				GCC_NO_COMMON_BLOCKS = YES;
				GCC_WARN_64_TO_32_BIT_CONVERSION = YES;
				GCC_WARN_ABOUT_RETURN_TYPE = YES_ERROR;
				GCC_WARN_UNDECLARED_SELECTOR = YES;
				GCC_WARN_UNINITIALIZED_AUTOS = YES_AGGRESSIVE;
				GCC_WARN_UNUSED_FUNCTION = YES;
				GCC_WARN_UNUSED_VARIABLE = YES;
				IPHONEOS_DEPLOYMENT_TARGET = 17.0;
				LOCALIZATION_PREFERS_STRING_CATALOGS = YES;
				MTL_ENABLE_DEBUG_INFO = NO;
				MTL_FAST_MATH = YES;
				SDKROOT = iphoneos;
				SWIFT_COMPILATION_MODE = wholemodule;
				VALIDATE_PRODUCT = YES;
			};
			name = Release;
		};
		238E78FD2C83147300D04F58 /* Debug */ = {
			isa = XCBuildConfiguration;
			baseConfigurationReference = 230314F82C89AD0800B299D5 /* Config.xcconfig */;
			buildSettings = {
				ASSETCATALOG_COMPILER_APPICON_NAME = AppIcon;
				ASSETCATALOG_COMPILER_GLOBAL_ACCENT_COLOR_NAME = AccentColor;
				CODE_SIGN_IDENTITY = "Apple Development";
				"CODE_SIGN_IDENTITY[sdk=iphoneos*]" = "iPhone Developer";
				CODE_SIGN_STYLE = Manual;
				CURRENT_PROJECT_VERSION = 1;
				DEVELOPMENT_ASSET_PATHS = "\"RunUs/Preview Content\"";
				DEVELOPMENT_TEAM = "";
				"DEVELOPMENT_TEAM[sdk=iphoneos*]" = ZT27N85LQ5;
				ENABLE_PREVIEWS = YES;
				GENERATE_INFOPLIST_FILE = YES;
				INFOPLIST_FILE = RunUs/Info.plist;
				INFOPLIST_KEY_NSLocationAlwaysAndWhenInUseUsageDescription = "사용자의 위치를 기반으로 러닝 기능을 제공하기 위해 권한이 필요합니다.";
				INFOPLIST_KEY_NSLocationWhenInUseUsageDescription = "사용자의 위치를 기반으로 러닝 기능을 제공하기 위해 권한이 필요합니다.";
				INFOPLIST_KEY_NSMotionUsageDescription = "러닝 현황 기록을 위해 디바이스의 모션 데이터에 접근 권한이 필요합니다. ";
				INFOPLIST_KEY_UIApplicationSceneManifest_Generation = YES;
				INFOPLIST_KEY_UIApplicationSupportsIndirectInputEvents = YES;
				INFOPLIST_KEY_UILaunchScreen_Generation = YES;
				INFOPLIST_KEY_UISupportedInterfaceOrientations_iPad = "UIInterfaceOrientationPortrait UIInterfaceOrientationPortraitUpsideDown UIInterfaceOrientationLandscapeLeft UIInterfaceOrientationLandscapeRight";
				INFOPLIST_KEY_UISupportedInterfaceOrientations_iPhone = "UIInterfaceOrientationPortrait UIInterfaceOrientationLandscapeLeft UIInterfaceOrientationLandscapeRight";
				IPHONEOS_DEPLOYMENT_TARGET = 17.0;
				LD_RUNPATH_SEARCH_PATHS = (
					"$(inherited)",
					"@executable_path/Frameworks",
				);
				MARKETING_VERSION = 1.0;
				PRODUCT_BUNDLE_IDENTIFIER = com.runus.RunUs;
				PRODUCT_NAME = "$(TARGET_NAME)";
				PROVISIONING_PROFILE_SPECIFIER = "";
				"PROVISIONING_PROFILE_SPECIFIER[sdk=iphoneos*]" = RunUs;
				SWIFT_EMIT_LOC_STRINGS = YES;
				SWIFT_VERSION = 5.0;
				TARGETED_DEVICE_FAMILY = "1,2";
			};
			name = Debug;
		};
		238E78FE2C83147300D04F58 /* Release */ = {
			isa = XCBuildConfiguration;
			buildSettings = {
				ASSETCATALOG_COMPILER_APPICON_NAME = AppIcon;
				ASSETCATALOG_COMPILER_GLOBAL_ACCENT_COLOR_NAME = AccentColor;
				CODE_SIGN_IDENTITY = "Apple Development";
				"CODE_SIGN_IDENTITY[sdk=iphoneos*]" = "iPhone Developer";
				CODE_SIGN_STYLE = Manual;
				CURRENT_PROJECT_VERSION = 1;
				DEVELOPMENT_ASSET_PATHS = "\"RunUs/Preview Content\"";
				DEVELOPMENT_TEAM = "";
				"DEVELOPMENT_TEAM[sdk=iphoneos*]" = ZT27N85LQ5;
				ENABLE_PREVIEWS = YES;
				GENERATE_INFOPLIST_FILE = YES;
				INFOPLIST_FILE = RunUs/Info.plist;
				INFOPLIST_KEY_NSLocationAlwaysAndWhenInUseUsageDescription = "사용자의 위치를 기반으로 러닝 기능을 제공하기 위해 권한이 필요합니다.";
				INFOPLIST_KEY_NSLocationWhenInUseUsageDescription = "사용자의 위치를 기반으로 러닝 기능을 제공하기 위해 권한이 필요합니다.";
				INFOPLIST_KEY_NSMotionUsageDescription = "러닝 현황 기록을 위해 디바이스의 모션 데이터에 접근 권한이 필요합니다. ";
				INFOPLIST_KEY_UIApplicationSceneManifest_Generation = YES;
				INFOPLIST_KEY_UIApplicationSupportsIndirectInputEvents = YES;
				INFOPLIST_KEY_UILaunchScreen_Generation = YES;
				INFOPLIST_KEY_UISupportedInterfaceOrientations_iPad = "UIInterfaceOrientationPortrait UIInterfaceOrientationPortraitUpsideDown UIInterfaceOrientationLandscapeLeft UIInterfaceOrientationLandscapeRight";
				INFOPLIST_KEY_UISupportedInterfaceOrientations_iPhone = "UIInterfaceOrientationPortrait UIInterfaceOrientationLandscapeLeft UIInterfaceOrientationLandscapeRight";
				IPHONEOS_DEPLOYMENT_TARGET = 17.0;
				LD_RUNPATH_SEARCH_PATHS = (
					"$(inherited)",
					"@executable_path/Frameworks",
				);
				MARKETING_VERSION = 1.0;
				PRODUCT_BUNDLE_IDENTIFIER = com.runus.RunUs;
				PRODUCT_NAME = "$(TARGET_NAME)";
				PROVISIONING_PROFILE_SPECIFIER = "";
				"PROVISIONING_PROFILE_SPECIFIER[sdk=iphoneos*]" = RunUs;
				SWIFT_EMIT_LOC_STRINGS = YES;
				SWIFT_VERSION = 5.0;
				TARGETED_DEVICE_FAMILY = "1,2";
			};
			name = Release;
		};
/* End XCBuildConfiguration section */

/* Begin XCConfigurationList section */
		238E78E92C83147200D04F58 /* Build configuration list for PBXProject "RunUs" */ = {
			isa = XCConfigurationList;
			buildConfigurations = (
				238E78FA2C83147300D04F58 /* Debug */,
				238E78FB2C83147300D04F58 /* Release */,
			);
			defaultConfigurationIsVisible = 0;
			defaultConfigurationName = Release;
		};
		238E78FC2C83147300D04F58 /* Build configuration list for PBXNativeTarget "RunUs" */ = {
			isa = XCConfigurationList;
			buildConfigurations = (
				238E78FD2C83147300D04F58 /* Debug */,
				238E78FE2C83147300D04F58 /* Release */,
			);
			defaultConfigurationIsVisible = 0;
			defaultConfigurationName = Release;
		};
/* End XCConfigurationList section */

/* Begin XCRemoteSwiftPackageReference section */
		230314F02C89A00B00B299D5 /* XCRemoteSwiftPackageReference "kakao-ios-sdk" */ = {
			isa = XCRemoteSwiftPackageReference;
			repositoryURL = "https://github.com/kakao/kakao-ios-sdk";
			requirement = {
				kind = upToNextMajorVersion;
				minimumVersion = 2.22.6;
			};
		};
		230314FE2C8A096D00B299D5 /* XCRemoteSwiftPackageReference "keychain-swift" */ = {
			isa = XCRemoteSwiftPackageReference;
			repositoryURL = "https://github.com/evgenyneu/keychain-swift.git";
			requirement = {
				kind = upToNextMajorVersion;
				minimumVersion = 24.0.0;
			};
		};
		237B430A2C8EFFF1002163B9 /* XCRemoteSwiftPackageReference "Naver-Map-iOS-SPM" */ = {
			isa = XCRemoteSwiftPackageReference;
			repositoryURL = "https://github.com/slr-09/Naver-Map-iOS-SPM.git";
			requirement = {
				kind = upToNextMajorVersion;
				minimumVersion = 0.1.0;
			};
		};
		88D3BF232CA9702E009E4365 /* XCRemoteSwiftPackageReference "SwiftStomp" */ = {
			isa = XCRemoteSwiftPackageReference;
			repositoryURL = "https://github.com/Romixery/SwiftStomp.git";
			requirement = {
				kind = upToNextMajorVersion;
				minimumVersion = 1.2.1;
			};
		};
/* End XCRemoteSwiftPackageReference section */

/* Begin XCSwiftPackageProductDependency section */
		230314F12C89A00B00B299D5 /* KakaoSDKAuth */ = {
			isa = XCSwiftPackageProductDependency;
			package = 230314F02C89A00B00B299D5 /* XCRemoteSwiftPackageReference "kakao-ios-sdk" */;
			productName = KakaoSDKAuth;
		};
		230314F32C89A00B00B299D5 /* KakaoSDKCommon */ = {
			isa = XCSwiftPackageProductDependency;
			package = 230314F02C89A00B00B299D5 /* XCRemoteSwiftPackageReference "kakao-ios-sdk" */;
			productName = KakaoSDKCommon;
		};
		230314F52C89A00B00B299D5 /* KakaoSDKUser */ = {
			isa = XCSwiftPackageProductDependency;
			package = 230314F02C89A00B00B299D5 /* XCRemoteSwiftPackageReference "kakao-ios-sdk" */;
			productName = KakaoSDKUser;
		};
		230314FF2C8A096D00B299D5 /* KeychainSwift */ = {
			isa = XCSwiftPackageProductDependency;
			package = 230314FE2C8A096D00B299D5 /* XCRemoteSwiftPackageReference "keychain-swift" */;
			productName = KeychainSwift;
		};
		237B430B2C8EFFF1002163B9 /* NaverMapSDK */ = {
			isa = XCSwiftPackageProductDependency;
			package = 237B430A2C8EFFF1002163B9 /* XCRemoteSwiftPackageReference "Naver-Map-iOS-SPM" */;
			productName = NaverMapSDK;
		};
		88D3BF242CA9702E009E4365 /* SwiftStomp */ = {
			isa = XCSwiftPackageProductDependency;
			package = 88D3BF232CA9702E009E4365 /* XCRemoteSwiftPackageReference "SwiftStomp" */;
			productName = SwiftStomp;
		};
/* End XCSwiftPackageProductDependency section */
	};
	rootObject = 238E78E62C83147200D04F58 /* Project object */;
}
